// !$*UTF8*$!
{
	archiveVersion = 1;
	classes = {
	};
	objectVersion = 56;
	objects = {

/* Begin PBXBuildFile section */
		4F56C7E02B1F74A7007ADDA6 /* RealmManager.swift in Sources */ = {isa = PBXBuildFile; fileRef = 4F56C7DF2B1F74A7007ADDA6 /* RealmManager.swift */; };
		4F56C7E32B1F74E7007ADDA6 /* Realm in Frameworks */ = {isa = PBXBuildFile; productRef = 4F56C7E22B1F74E7007ADDA6 /* Realm */; };
		4F56C7E52B1F74E7007ADDA6 /* RealmSwift in Frameworks */ = {isa = PBXBuildFile; productRef = 4F56C7E42B1F74E7007ADDA6 /* RealmSwift */; };
		4F56C7E92B20C6A7007ADDA6 /* MyListsViewModel.swift in Sources */ = {isa = PBXBuildFile; fileRef = 4F56C7E82B20C6A7007ADDA6 /* MyListsViewModel.swift */; };
		4F5EA69A2B1E15310042186B /* EndpointProtocol.swift in Sources */ = {isa = PBXBuildFile; fileRef = 4F5EA6992B1E15300042186B /* EndpointProtocol.swift */; };
		4F5EA69E2B1E165A0042186B /* EndpointBaseUrl.swift in Sources */ = {isa = PBXBuildFile; fileRef = 4F5EA69D2B1E165A0042186B /* EndpointBaseUrl.swift */; };
		4F5EA6A42B1E18370042186B /* RequestMethod.swift in Sources */ = {isa = PBXBuildFile; fileRef = 4F5EA6A32B1E18370042186B /* RequestMethod.swift */; };
		4F5EA6A62B1E187F0042186B /* RequestError.swift in Sources */ = {isa = PBXBuildFile; fileRef = 4F5EA6A52B1E187F0042186B /* RequestError.swift */; };
		4F5EA6A82B1E19390042186B /* NetworkClient.swift in Sources */ = {isa = PBXBuildFile; fileRef = 4F5EA6A72B1E19390042186B /* NetworkClient.swift */; };
		4F5EA6AA2B1E1AED0042186B /* ChannelsEndpoint.swift in Sources */ = {isa = PBXBuildFile; fileRef = 4F5EA6A92B1E1AED0042186B /* ChannelsEndpoint.swift */; };
		4F5EA6AD2B1E1B630042186B /* ChannelServiceProtocol.swift in Sources */ = {isa = PBXBuildFile; fileRef = 4F5EA6AC2B1E1B630042186B /* ChannelServiceProtocol.swift */; };
		4F5EA6AF2B1E1B850042186B /* ChannelService.swift in Sources */ = {isa = PBXBuildFile; fileRef = 4F5EA6AE2B1E1B850042186B /* ChannelService.swift */; };
		4F5EA6B12B1E1BDB0042186B /* HomeViewModel.swift in Sources */ = {isa = PBXBuildFile; fileRef = 4F5EA6B02B1E1BDB0042186B /* HomeViewModel.swift */; };
		4F5EA6B32B1E20800042186B /* RadioLineup.swift in Sources */ = {isa = PBXBuildFile; fileRef = 4F5EA6B22B1E20800042186B /* RadioLineup.swift */; };
		4F5EA6B52B1E24010042186B /* RealmChannelList.swift in Sources */ = {isa = PBXBuildFile; fileRef = 4F5EA6B42B1E24010042186B /* RealmChannelList.swift */; };
		4F5EA6B72B1E270C0042186B /* AddListView.swift in Sources */ = {isa = PBXBuildFile; fileRef = 4F5EA6B62B1E270C0042186B /* AddListView.swift */; };
		4F5EA6BA2B1E62040042186B /* ListView.swift in Sources */ = {isa = PBXBuildFile; fileRef = 4F5EA6B92B1E62040042186B /* ListView.swift */; };
		4F5EA6BE2B1E63620042186B /* RealmChannel.swift in Sources */ = {isa = PBXBuildFile; fileRef = 4F5EA6BD2B1E63620042186B /* RealmChannel.swift */; };
		4F5EA6C12B1E65790042186B /* ChannelAdapter.swift in Sources */ = {isa = PBXBuildFile; fileRef = 4F5EA6C02B1E65790042186B /* ChannelAdapter.swift */; };
		4F5EA6C32B1E676F0042186B /* ListViewModel.swift in Sources */ = {isa = PBXBuildFile; fileRef = 4F5EA6C22B1E676F0042186B /* ListViewModel.swift */; };
		4F5EA6C52B1E683E0042186B /* RealmChannels.swift in Sources */ = {isa = PBXBuildFile; fileRef = 4F5EA6C42B1E683E0042186B /* RealmChannels.swift */; };
		4F6FD2012B1C9E5F00BDA019 /* TVChannelList_SZApp.swift in Sources */ = {isa = PBXBuildFile; fileRef = 4F6FD2002B1C9E5F00BDA019 /* TVChannelList_SZApp.swift */; };
		4F6FD2032B1C9E5F00BDA019 /* MyListsView.swift in Sources */ = {isa = PBXBuildFile; fileRef = 4F6FD2022B1C9E5F00BDA019 /* MyListsView.swift */; };
		4F6FD2052B1C9E6000BDA019 /* Assets.xcassets in Resources */ = {isa = PBXBuildFile; fileRef = 4F6FD2042B1C9E6000BDA019 /* Assets.xcassets */; };
		4F6FD2092B1C9E6000BDA019 /* Preview Assets.xcassets in Resources */ = {isa = PBXBuildFile; fileRef = 4F6FD2082B1C9E6000BDA019 /* Preview Assets.xcassets */; };
		4F6FD2132B1C9E6000BDA019 /* TVChannelList_SZTests.swift in Sources */ = {isa = PBXBuildFile; fileRef = 4F6FD2122B1C9E6000BDA019 /* TVChannelList_SZTests.swift */; };
		4F6FD21F2B1C9E6000BDA019 /* TVChannelList_SZUITestsLaunchTests.swift in Sources */ = {isa = PBXBuildFile; fileRef = 4F6FD21E2B1C9E6000BDA019 /* TVChannelList_SZUITestsLaunchTests.swift */; };
		4F6FD2352B1C9F5800BDA019 /* ButtonWrapperModifier.swift in Sources */ = {isa = PBXBuildFile; fileRef = 4F6FD2342B1C9F5800BDA019 /* ButtonWrapperModifier.swift */; };
		4F6FD2372B1C9F7500BDA019 /* View.swift in Sources */ = {isa = PBXBuildFile; fileRef = 4F6FD2362B1C9F7500BDA019 /* View.swift */; };
		4F6FD23A2B1C9FC800BDA019 /* HomeView.swift in Sources */ = {isa = PBXBuildFile; fileRef = 4F6FD2392B1C9FC800BDA019 /* HomeView.swift */; };
		4F6FD2412B1CA61B00BDA019 /* Channels.swift in Sources */ = {isa = PBXBuildFile; fileRef = 4F6FD2402B1CA61B00BDA019 /* Channels.swift */; };
		4F6FD2432B1CA62C00BDA019 /* Channel.swift in Sources */ = {isa = PBXBuildFile; fileRef = 4F6FD2422B1CA62C00BDA019 /* Channel.swift */; };
		4F6FD2462B1CA74800BDA019 /* ChannelLanguange.swift in Sources */ = {isa = PBXBuildFile; fileRef = 4F6FD2452B1CA74800BDA019 /* ChannelLanguange.swift */; };
		4F6FD24A2B1CA86800BDA019 /* ChannelGenre.swift in Sources */ = {isa = PBXBuildFile; fileRef = 4F6FD2492B1CA86800BDA019 /* ChannelGenre.swift */; };
		4F6FD24E2B1CACC100BDA019 /* Package.swift in Sources */ = {isa = PBXBuildFile; fileRef = 4F6FD24D2B1CACC100BDA019 /* Package.swift */; };
/* End PBXBuildFile section */

/* Begin PBXContainerItemProxy section */
		4F6FD20F2B1C9E6000BDA019 /* PBXContainerItemProxy */ = {
			isa = PBXContainerItemProxy;
			containerPortal = 4F6FD1F52B1C9E5F00BDA019 /* Project object */;
			proxyType = 1;
			remoteGlobalIDString = 4F6FD1FC2B1C9E5F00BDA019;
			remoteInfo = "TVChannelList-SZ";
		};
		4F6FD2192B1C9E6000BDA019 /* PBXContainerItemProxy */ = {
			isa = PBXContainerItemProxy;
			containerPortal = 4F6FD1F52B1C9E5F00BDA019 /* Project object */;
			proxyType = 1;
			remoteGlobalIDString = 4F6FD1FC2B1C9E5F00BDA019;
			remoteInfo = "TVChannelList-SZ";
		};
/* End PBXContainerItemProxy section */

/* Begin PBXFileReference section */
		4F56C7DF2B1F74A7007ADDA6 /* RealmManager.swift */ = {isa = PBXFileReference; lastKnownFileType = sourcecode.swift; path = RealmManager.swift; sourceTree = "<group>"; };
		4F56C7E82B20C6A7007ADDA6 /* MyListsViewModel.swift */ = {isa = PBXFileReference; lastKnownFileType = sourcecode.swift; path = MyListsViewModel.swift; sourceTree = "<group>"; };
		4F5EA6992B1E15300042186B /* EndpointProtocol.swift */ = {isa = PBXFileReference; lastKnownFileType = sourcecode.swift; path = EndpointProtocol.swift; sourceTree = "<group>"; };
		4F5EA69D2B1E165A0042186B /* EndpointBaseUrl.swift */ = {isa = PBXFileReference; lastKnownFileType = sourcecode.swift; path = EndpointBaseUrl.swift; sourceTree = "<group>"; };
		4F5EA6A32B1E18370042186B /* RequestMethod.swift */ = {isa = PBXFileReference; lastKnownFileType = sourcecode.swift; path = RequestMethod.swift; sourceTree = "<group>"; };
		4F5EA6A52B1E187F0042186B /* RequestError.swift */ = {isa = PBXFileReference; lastKnownFileType = sourcecode.swift; path = RequestError.swift; sourceTree = "<group>"; };
		4F5EA6A72B1E19390042186B /* NetworkClient.swift */ = {isa = PBXFileReference; lastKnownFileType = sourcecode.swift; path = NetworkClient.swift; sourceTree = "<group>"; };
		4F5EA6A92B1E1AED0042186B /* ChannelsEndpoint.swift */ = {isa = PBXFileReference; lastKnownFileType = sourcecode.swift; path = ChannelsEndpoint.swift; sourceTree = "<group>"; };
		4F5EA6AC2B1E1B630042186B /* ChannelServiceProtocol.swift */ = {isa = PBXFileReference; lastKnownFileType = sourcecode.swift; path = ChannelServiceProtocol.swift; sourceTree = "<group>"; };
		4F5EA6AE2B1E1B850042186B /* ChannelService.swift */ = {isa = PBXFileReference; lastKnownFileType = sourcecode.swift; path = ChannelService.swift; sourceTree = "<group>"; };
		4F5EA6B02B1E1BDB0042186B /* HomeViewModel.swift */ = {isa = PBXFileReference; lastKnownFileType = sourcecode.swift; path = HomeViewModel.swift; sourceTree = "<group>"; };
		4F5EA6B22B1E20800042186B /* RadioLineup.swift */ = {isa = PBXFileReference; lastKnownFileType = sourcecode.swift; path = RadioLineup.swift; sourceTree = "<group>"; };
		4F5EA6B42B1E24010042186B /* RealmChannelList.swift */ = {isa = PBXFileReference; lastKnownFileType = sourcecode.swift; path = RealmChannelList.swift; sourceTree = "<group>"; };
		4F5EA6B62B1E270C0042186B /* AddListView.swift */ = {isa = PBXFileReference; lastKnownFileType = sourcecode.swift; path = AddListView.swift; sourceTree = "<group>"; };
		4F5EA6B92B1E62040042186B /* ListView.swift */ = {isa = PBXFileReference; lastKnownFileType = sourcecode.swift; path = ListView.swift; sourceTree = "<group>"; };
		4F5EA6BD2B1E63620042186B /* RealmChannel.swift */ = {isa = PBXFileReference; lastKnownFileType = sourcecode.swift; path = RealmChannel.swift; sourceTree = "<group>"; };
		4F5EA6C02B1E65790042186B /* ChannelAdapter.swift */ = {isa = PBXFileReference; lastKnownFileType = sourcecode.swift; path = ChannelAdapter.swift; sourceTree = "<group>"; };
		4F5EA6C22B1E676F0042186B /* ListViewModel.swift */ = {isa = PBXFileReference; lastKnownFileType = sourcecode.swift; path = ListViewModel.swift; sourceTree = "<group>"; };
		4F5EA6C42B1E683E0042186B /* RealmChannels.swift */ = {isa = PBXFileReference; lastKnownFileType = sourcecode.swift; path = RealmChannels.swift; sourceTree = "<group>"; };
		4F6FD1FD2B1C9E5F00BDA019 /* TVChannelList-SZ.app */ = {isa = PBXFileReference; explicitFileType = wrapper.application; includeInIndex = 0; path = "TVChannelList-SZ.app"; sourceTree = BUILT_PRODUCTS_DIR; };
		4F6FD2002B1C9E5F00BDA019 /* TVChannelList_SZApp.swift */ = {isa = PBXFileReference; lastKnownFileType = sourcecode.swift; path = TVChannelList_SZApp.swift; sourceTree = "<group>"; };
		4F6FD2022B1C9E5F00BDA019 /* MyListsView.swift */ = {isa = PBXFileReference; lastKnownFileType = sourcecode.swift; path = MyListsView.swift; sourceTree = "<group>"; };
		4F6FD2042B1C9E6000BDA019 /* Assets.xcassets */ = {isa = PBXFileReference; lastKnownFileType = folder.assetcatalog; path = Assets.xcassets; sourceTree = "<group>"; };
		4F6FD2062B1C9E6000BDA019 /* TVChannelList_SZ.entitlements */ = {isa = PBXFileReference; lastKnownFileType = text.plist.entitlements; path = TVChannelList_SZ.entitlements; sourceTree = "<group>"; };
		4F6FD2082B1C9E6000BDA019 /* Preview Assets.xcassets */ = {isa = PBXFileReference; lastKnownFileType = folder.assetcatalog; path = "Preview Assets.xcassets"; sourceTree = "<group>"; };
		4F6FD20E2B1C9E6000BDA019 /* TVChannelList-SZTests.xctest */ = {isa = PBXFileReference; explicitFileType = wrapper.cfbundle; includeInIndex = 0; path = "TVChannelList-SZTests.xctest"; sourceTree = BUILT_PRODUCTS_DIR; };
		4F6FD2122B1C9E6000BDA019 /* TVChannelList_SZTests.swift */ = {isa = PBXFileReference; lastKnownFileType = sourcecode.swift; path = TVChannelList_SZTests.swift; sourceTree = "<group>"; };
		4F6FD2182B1C9E6000BDA019 /* TVChannelList-SZUITests.xctest */ = {isa = PBXFileReference; explicitFileType = wrapper.cfbundle; includeInIndex = 0; path = "TVChannelList-SZUITests.xctest"; sourceTree = BUILT_PRODUCTS_DIR; };
		4F6FD21E2B1C9E6000BDA019 /* TVChannelList_SZUITestsLaunchTests.swift */ = {isa = PBXFileReference; lastKnownFileType = sourcecode.swift; path = TVChannelList_SZUITestsLaunchTests.swift; sourceTree = "<group>"; };
		4F6FD2342B1C9F5800BDA019 /* ButtonWrapperModifier.swift */ = {isa = PBXFileReference; lastKnownFileType = sourcecode.swift; path = ButtonWrapperModifier.swift; sourceTree = "<group>"; };
		4F6FD2362B1C9F7500BDA019 /* View.swift */ = {isa = PBXFileReference; lastKnownFileType = sourcecode.swift; path = View.swift; sourceTree = "<group>"; };
		4F6FD2392B1C9FC800BDA019 /* HomeView.swift */ = {isa = PBXFileReference; lastKnownFileType = sourcecode.swift; path = HomeView.swift; sourceTree = "<group>"; };
		4F6FD2402B1CA61B00BDA019 /* Channels.swift */ = {isa = PBXFileReference; lastKnownFileType = sourcecode.swift; path = Channels.swift; sourceTree = "<group>"; };
		4F6FD2422B1CA62C00BDA019 /* Channel.swift */ = {isa = PBXFileReference; lastKnownFileType = sourcecode.swift; path = Channel.swift; sourceTree = "<group>"; };
		4F6FD2452B1CA74800BDA019 /* ChannelLanguange.swift */ = {isa = PBXFileReference; lastKnownFileType = sourcecode.swift; path = ChannelLanguange.swift; sourceTree = "<group>"; };
		4F6FD2492B1CA86800BDA019 /* ChannelGenre.swift */ = {isa = PBXFileReference; lastKnownFileType = sourcecode.swift; path = ChannelGenre.swift; sourceTree = "<group>"; };
		4F6FD24D2B1CACC100BDA019 /* Package.swift */ = {isa = PBXFileReference; lastKnownFileType = sourcecode.swift; path = Package.swift; sourceTree = "<group>"; };
/* End PBXFileReference section */

/* Begin PBXFrameworksBuildPhase section */
		4F6FD1FA2B1C9E5F00BDA019 /* Frameworks */ = {
			isa = PBXFrameworksBuildPhase;
			buildActionMask = 2147483647;
			files = (
				4F56C7E52B1F74E7007ADDA6 /* RealmSwift in Frameworks */,
				4F56C7E32B1F74E7007ADDA6 /* Realm in Frameworks */,
			);
			runOnlyForDeploymentPostprocessing = 0;
		};
		4F6FD20B2B1C9E6000BDA019 /* Frameworks */ = {
			isa = PBXFrameworksBuildPhase;
			buildActionMask = 2147483647;
			files = (
			);
			runOnlyForDeploymentPostprocessing = 0;
		};
		4F6FD2152B1C9E6000BDA019 /* Frameworks */ = {
			isa = PBXFrameworksBuildPhase;
			buildActionMask = 2147483647;
			files = (
			);
			runOnlyForDeploymentPostprocessing = 0;
		};
/* End PBXFrameworksBuildPhase section */

/* Begin PBXGroup section */
		4F5EA6962B1E15080042186B /* Layer */ = {
			isa = PBXGroup;
			children = (
				4F5EA6992B1E15300042186B /* EndpointProtocol.swift */,
				4F5EA69D2B1E165A0042186B /* EndpointBaseUrl.swift */,
				4F5EA6A32B1E18370042186B /* RequestMethod.swift */,
				4F5EA6A52B1E187F0042186B /* RequestError.swift */,
			);
			path = Layer;
			sourceTree = "<group>";
		};
		4F5EA6AB2B1E1B4F0042186B /* Services */ = {
			isa = PBXGroup;
			children = (
				4F5EA6AC2B1E1B630042186B /* ChannelServiceProtocol.swift */,
				4F5EA6AE2B1E1B850042186B /* ChannelService.swift */,
			);
			path = Services;
			sourceTree = "<group>";
		};
		4F5EA6B82B1E61F40042186B /* List */ = {
			isa = PBXGroup;
			children = (
				4F5EA6B92B1E62040042186B /* ListView.swift */,
				4F5EA6C22B1E676F0042186B /* ListViewModel.swift */,
			);
			path = List;
			sourceTree = "<group>";
		};
		4F5EA6BB2B1E62D70042186B /* Assets */ = {
			isa = PBXGroup;
			children = (
				4F6FD2042B1C9E6000BDA019 /* Assets.xcassets */,
			);
			path = Assets;
			sourceTree = "<group>";
		};
		4F5EA6BC2B1E62E70042186B /* Translations */ = {
			isa = PBXGroup;
			children = (
			);
			path = Translations;
			sourceTree = "<group>";
		};
		4F5EA6BF2B1E656B0042186B /* Adapter */ = {
			isa = PBXGroup;
			children = (
				4F5EA6C02B1E65790042186B /* ChannelAdapter.swift */,
			);
			path = Adapter;
			sourceTree = "<group>";
		};
		4F6FD1F42B1C9E5F00BDA019 = {
			isa = PBXGroup;
			children = (
				4F6FD1FF2B1C9E5F00BDA019 /* TVChannelList-SZ */,
				4F6FD2112B1C9E6000BDA019 /* TVChannelList-SZTests */,
				4F6FD21B2B1C9E6000BDA019 /* TVChannelList-SZUITests */,
				4F6FD1FE2B1C9E5F00BDA019 /* Products */,
			);
			sourceTree = "<group>";
		};
		4F6FD1FE2B1C9E5F00BDA019 /* Products */ = {
			isa = PBXGroup;
			children = (
				4F6FD1FD2B1C9E5F00BDA019 /* TVChannelList-SZ.app */,
				4F6FD20E2B1C9E6000BDA019 /* TVChannelList-SZTests.xctest */,
				4F6FD2182B1C9E6000BDA019 /* TVChannelList-SZUITests.xctest */,
			);
			name = Products;
			sourceTree = "<group>";
		};
		4F6FD1FF2B1C9E5F00BDA019 /* TVChannelList-SZ */ = {
			isa = PBXGroup;
			children = (
				4F6FD22B2B1C9EDF00BDA019 /* App */,
				4F6FD22C2B1C9EE300BDA019 /* Common */,
				4F6FD22D2B1C9EE900BDA019 /* Utils */,
				4F6FD22F2B1C9EF900BDA019 /* Resources */,
				4F6FD2062B1C9E6000BDA019 /* TVChannelList_SZ.entitlements */,
				4F6FD2072B1C9E6000BDA019 /* Preview Content */,
			);
			path = "TVChannelList-SZ";
			sourceTree = "<group>";
		};
		4F6FD2072B1C9E6000BDA019 /* Preview Content */ = {
			isa = PBXGroup;
			children = (
				4F6FD2082B1C9E6000BDA019 /* Preview Assets.xcassets */,
			);
			path = "Preview Content";
			sourceTree = "<group>";
		};
		4F6FD2112B1C9E6000BDA019 /* TVChannelList-SZTests */ = {
			isa = PBXGroup;
			children = (
				4F6FD2122B1C9E6000BDA019 /* TVChannelList_SZTests.swift */,
			);
			path = "TVChannelList-SZTests";
			sourceTree = "<group>";
		};
		4F6FD21B2B1C9E6000BDA019 /* TVChannelList-SZUITests */ = {
			isa = PBXGroup;
			children = (
				4F6FD21E2B1C9E6000BDA019 /* TVChannelList_SZUITestsLaunchTests.swift */,
			);
			path = "TVChannelList-SZUITests";
			sourceTree = "<group>";
		};
		4F6FD22B2B1C9EDF00BDA019 /* App */ = {
			isa = PBXGroup;
			children = (
				4F6FD2312B1C9F0C00BDA019 /* Main */,
				4F6FD2382B1C9FBE00BDA019 /* Home */,
				4F6FD23B2B1C9FF100BDA019 /* MyLists */,
				4F5EA6B82B1E61F40042186B /* List */,
			);
			path = App;
			sourceTree = "<group>";
		};
		4F6FD22C2B1C9EE300BDA019 /* Common */ = {
			isa = PBXGroup;
			children = (
				4F5EA6BF2B1E656B0042186B /* Adapter */,
				4F6FD2442B1CA73D00BDA019 /* Enumerates */,
				4F6FD23D2B1CA5BC00BDA019 /* Local */,
				4F6FD2302B1C9F0500BDA019 /* Network */,
			);
			path = Common;
			sourceTree = "<group>";
		};
		4F6FD22D2B1C9EE900BDA019 /* Utils */ = {
			isa = PBXGroup;
			children = (
				4F6FD2332B1C9F4D00BDA019 /* Modifiers */,
				4F6FD2322B1C9F4500BDA019 /* UIComponents */,
				4F6FD22E2B1C9EEF00BDA019 /* Extensions */,
			);
			path = Utils;
			sourceTree = "<group>";
		};
		4F6FD22E2B1C9EEF00BDA019 /* Extensions */ = {
			isa = PBXGroup;
			children = (
				4F6FD2362B1C9F7500BDA019 /* View.swift */,
			);
			path = Extensions;
			sourceTree = "<group>";
		};
		4F6FD22F2B1C9EF900BDA019 /* Resources */ = {
			isa = PBXGroup;
			children = (
				4F5EA6BC2B1E62E70042186B /* Translations */,
				4F5EA6BB2B1E62D70042186B /* Assets */,
			);
			path = Resources;
			sourceTree = "<group>";
		};
		4F6FD2302B1C9F0500BDA019 /* Network */ = {
			isa = PBXGroup;
			children = (
				4F5EA6AB2B1E1B4F0042186B /* Services */,
				4F5EA6962B1E15080042186B /* Layer */,
				4F6FD23C2B1CA5B400BDA019 /* Models */,
				4F5EA6A72B1E19390042186B /* NetworkClient.swift */,
				4F5EA6A92B1E1AED0042186B /* ChannelsEndpoint.swift */,
			);
			path = Network;
			sourceTree = "<group>";
		};
		4F6FD2312B1C9F0C00BDA019 /* Main */ = {
			isa = PBXGroup;
			children = (
				4F6FD2002B1C9E5F00BDA019 /* TVChannelList_SZApp.swift */,
			);
			path = Main;
			sourceTree = "<group>";
		};
		4F6FD2322B1C9F4500BDA019 /* UIComponents */ = {
			isa = PBXGroup;
			children = (
			);
			path = UIComponents;
			sourceTree = "<group>";
		};
		4F6FD2332B1C9F4D00BDA019 /* Modifiers */ = {
			isa = PBXGroup;
			children = (
				4F6FD2342B1C9F5800BDA019 /* ButtonWrapperModifier.swift */,
			);
			path = Modifiers;
			sourceTree = "<group>";
		};
		4F6FD2382B1C9FBE00BDA019 /* Home */ = {
			isa = PBXGroup;
			children = (
				4F6FD2392B1C9FC800BDA019 /* HomeView.swift */,
				4F5EA6B02B1E1BDB0042186B /* HomeViewModel.swift */,
			);
			path = Home;
			sourceTree = "<group>";
		};
		4F6FD23B2B1C9FF100BDA019 /* MyLists */ = {
			isa = PBXGroup;
			children = (
				4F6FD2022B1C9E5F00BDA019 /* MyListsView.swift */,
				4F5EA6B62B1E270C0042186B /* AddListView.swift */,
				4F56C7E82B20C6A7007ADDA6 /* MyListsViewModel.swift */,
			);
			path = MyLists;
			sourceTree = "<group>";
		};
		4F6FD23C2B1CA5B400BDA019 /* Models */ = {
			isa = PBXGroup;
			children = (
				4F6FD2402B1CA61B00BDA019 /* Channels.swift */,
				4F6FD2422B1CA62C00BDA019 /* Channel.swift */,
				4F6FD24D2B1CACC100BDA019 /* Package.swift */,
				4F5EA6B22B1E20800042186B /* RadioLineup.swift */,
			);
			path = Models;
			sourceTree = "<group>";
		};
		4F6FD23D2B1CA5BC00BDA019 /* Local */ = {
			isa = PBXGroup;
			children = (
				4F6FD23E2B1CA5C000BDA019 /* Models */,
				4F56C7DF2B1F74A7007ADDA6 /* RealmManager.swift */,
			);
			path = Local;
			sourceTree = "<group>";
		};
		4F6FD23E2B1CA5C000BDA019 /* Models */ = {
			isa = PBXGroup;
			children = (
				4F5EA6B42B1E24010042186B /* RealmChannelList.swift */,
				4F5EA6BD2B1E63620042186B /* RealmChannel.swift */,
				4F5EA6C42B1E683E0042186B /* RealmChannels.swift */,
			);
			path = Models;
			sourceTree = "<group>";
		};
		4F6FD2442B1CA73D00BDA019 /* Enumerates */ = {
			isa = PBXGroup;
			children = (
				4F6FD2452B1CA74800BDA019 /* ChannelLanguange.swift */,
				4F6FD2492B1CA86800BDA019 /* ChannelGenre.swift */,
			);
			path = Enumerates;
			sourceTree = "<group>";
		};
/* End PBXGroup section */

/* Begin PBXNativeTarget section */
		4F6FD1FC2B1C9E5F00BDA019 /* TVChannelList-SZ */ = {
			isa = PBXNativeTarget;
			buildConfigurationList = 4F6FD2222B1C9E6000BDA019 /* Build configuration list for PBXNativeTarget "TVChannelList-SZ" */;
			buildPhases = (
				4F6FD1F92B1C9E5F00BDA019 /* Sources */,
				4F6FD1FA2B1C9E5F00BDA019 /* Frameworks */,
				4F6FD1FB2B1C9E5F00BDA019 /* Resources */,
			);
			buildRules = (
			);
			dependencies = (
			);
			name = "TVChannelList-SZ";
			packageProductDependencies = (
				4F56C7E22B1F74E7007ADDA6 /* Realm */,
				4F56C7E42B1F74E7007ADDA6 /* RealmSwift */,
			);
			productName = "TVChannelList-SZ";
			productReference = 4F6FD1FD2B1C9E5F00BDA019 /* TVChannelList-SZ.app */;
			productType = "com.apple.product-type.application";
		};
		4F6FD20D2B1C9E6000BDA019 /* TVChannelList-SZTests */ = {
			isa = PBXNativeTarget;
			buildConfigurationList = 4F6FD2252B1C9E6000BDA019 /* Build configuration list for PBXNativeTarget "TVChannelList-SZTests" */;
			buildPhases = (
				4F6FD20A2B1C9E6000BDA019 /* Sources */,
				4F6FD20B2B1C9E6000BDA019 /* Frameworks */,
				4F6FD20C2B1C9E6000BDA019 /* Resources */,
			);
			buildRules = (
			);
			dependencies = (
				4F6FD2102B1C9E6000BDA019 /* PBXTargetDependency */,
			);
			name = "TVChannelList-SZTests";
			productName = "TVChannelList-SZTests";
			productReference = 4F6FD20E2B1C9E6000BDA019 /* TVChannelList-SZTests.xctest */;
			productType = "com.apple.product-type.bundle.unit-test";
		};
		4F6FD2172B1C9E6000BDA019 /* TVChannelList-SZUITests */ = {
			isa = PBXNativeTarget;
			buildConfigurationList = 4F6FD2282B1C9E6000BDA019 /* Build configuration list for PBXNativeTarget "TVChannelList-SZUITests" */;
			buildPhases = (
				4F6FD2142B1C9E6000BDA019 /* Sources */,
				4F6FD2152B1C9E6000BDA019 /* Frameworks */,
				4F6FD2162B1C9E6000BDA019 /* Resources */,
			);
			buildRules = (
			);
			dependencies = (
				4F6FD21A2B1C9E6000BDA019 /* PBXTargetDependency */,
			);
			name = "TVChannelList-SZUITests";
			productName = "TVChannelList-SZUITests";
			productReference = 4F6FD2182B1C9E6000BDA019 /* TVChannelList-SZUITests.xctest */;
			productType = "com.apple.product-type.bundle.ui-testing";
		};
/* End PBXNativeTarget section */

/* Begin PBXProject section */
		4F6FD1F52B1C9E5F00BDA019 /* Project object */ = {
			isa = PBXProject;
			attributes = {
				BuildIndependentTargetsInParallel = 1;
				LastSwiftUpdateCheck = 1500;
				LastUpgradeCheck = 1500;
				TargetAttributes = {
					4F6FD1FC2B1C9E5F00BDA019 = {
						CreatedOnToolsVersion = 15.0;
					};
					4F6FD20D2B1C9E6000BDA019 = {
						CreatedOnToolsVersion = 15.0;
						TestTargetID = 4F6FD1FC2B1C9E5F00BDA019;
					};
					4F6FD2172B1C9E6000BDA019 = {
						CreatedOnToolsVersion = 15.0;
						TestTargetID = 4F6FD1FC2B1C9E5F00BDA019;
					};
				};
			};
			buildConfigurationList = 4F6FD1F82B1C9E5F00BDA019 /* Build configuration list for PBXProject "TVChannelList-SZ" */;
			compatibilityVersion = "Xcode 14.0";
			developmentRegion = en;
			hasScannedForEncodings = 0;
			knownRegions = (
				en,
				Base,
			);
			mainGroup = 4F6FD1F42B1C9E5F00BDA019;
			packageReferences = (
				4F56C7E12B1F74E7007ADDA6 /* XCRemoteSwiftPackageReference "realm-swift" */,
			);
			productRefGroup = 4F6FD1FE2B1C9E5F00BDA019 /* Products */;
			projectDirPath = "";
			projectRoot = "";
			targets = (
				4F6FD1FC2B1C9E5F00BDA019 /* TVChannelList-SZ */,
				4F6FD20D2B1C9E6000BDA019 /* TVChannelList-SZTests */,
				4F6FD2172B1C9E6000BDA019 /* TVChannelList-SZUITests */,
			);
		};
/* End PBXProject section */

/* Begin PBXResourcesBuildPhase section */
		4F6FD1FB2B1C9E5F00BDA019 /* Resources */ = {
			isa = PBXResourcesBuildPhase;
			buildActionMask = 2147483647;
			files = (
				4F6FD2092B1C9E6000BDA019 /* Preview Assets.xcassets in Resources */,
				4F6FD2052B1C9E6000BDA019 /* Assets.xcassets in Resources */,
			);
			runOnlyForDeploymentPostprocessing = 0;
		};
		4F6FD20C2B1C9E6000BDA019 /* Resources */ = {
			isa = PBXResourcesBuildPhase;
			buildActionMask = 2147483647;
			files = (
			);
			runOnlyForDeploymentPostprocessing = 0;
		};
		4F6FD2162B1C9E6000BDA019 /* Resources */ = {
			isa = PBXResourcesBuildPhase;
			buildActionMask = 2147483647;
			files = (
			);
			runOnlyForDeploymentPostprocessing = 0;
		};
/* End PBXResourcesBuildPhase section */

/* Begin PBXSourcesBuildPhase section */
		4F6FD1F92B1C9E5F00BDA019 /* Sources */ = {
			isa = PBXSourcesBuildPhase;
			buildActionMask = 2147483647;
			files = (
				4F5EA6B12B1E1BDB0042186B /* HomeViewModel.swift in Sources */,
				4F5EA6A62B1E187F0042186B /* RequestError.swift in Sources */,
				4F5EA6A42B1E18370042186B /* RequestMethod.swift in Sources */,
				4F5EA69A2B1E15310042186B /* EndpointProtocol.swift in Sources */,
				4F5EA6B52B1E24010042186B /* RealmChannelList.swift in Sources */,
				4F56C7E02B1F74A7007ADDA6 /* RealmManager.swift in Sources */,
				4F5EA6AF2B1E1B850042186B /* ChannelService.swift in Sources */,
				4F5EA6C52B1E683E0042186B /* RealmChannels.swift in Sources */,
				4F6FD2432B1CA62C00BDA019 /* Channel.swift in Sources */,
				4F5EA6BA2B1E62040042186B /* ListView.swift in Sources */,
				4F5EA6C12B1E65790042186B /* ChannelAdapter.swift in Sources */,
				4F6FD24A2B1CA86800BDA019 /* ChannelGenre.swift in Sources */,
				4F6FD2372B1C9F7500BDA019 /* View.swift in Sources */,
				4F6FD2352B1C9F5800BDA019 /* ButtonWrapperModifier.swift in Sources */,
				4F5EA6B72B1E270C0042186B /* AddListView.swift in Sources */,
				4F6FD2032B1C9E5F00BDA019 /* MyListsView.swift in Sources */,
				4F56C7E92B20C6A7007ADDA6 /* MyListsViewModel.swift in Sources */,
				4F5EA69E2B1E165A0042186B /* EndpointBaseUrl.swift in Sources */,
				4F6FD2462B1CA74800BDA019 /* ChannelLanguange.swift in Sources */,
				4F5EA6B32B1E20800042186B /* RadioLineup.swift in Sources */,
				4F6FD24E2B1CACC100BDA019 /* Package.swift in Sources */,
				4F5EA6BE2B1E63620042186B /* RealmChannel.swift in Sources */,
				4F5EA6A82B1E19390042186B /* NetworkClient.swift in Sources */,
				4F6FD2412B1CA61B00BDA019 /* Channels.swift in Sources */,
				4F6FD23A2B1C9FC800BDA019 /* HomeView.swift in Sources */,
				4F5EA6C32B1E676F0042186B /* ListViewModel.swift in Sources */,
				4F5EA6AD2B1E1B630042186B /* ChannelServiceProtocol.swift in Sources */,
				4F5EA6AA2B1E1AED0042186B /* ChannelsEndpoint.swift in Sources */,
				4F6FD2012B1C9E5F00BDA019 /* TVChannelList_SZApp.swift in Sources */,
			);
			runOnlyForDeploymentPostprocessing = 0;
		};
		4F6FD20A2B1C9E6000BDA019 /* Sources */ = {
			isa = PBXSourcesBuildPhase;
			buildActionMask = 2147483647;
			files = (
				4F6FD2132B1C9E6000BDA019 /* TVChannelList_SZTests.swift in Sources */,
			);
			runOnlyForDeploymentPostprocessing = 0;
		};
		4F6FD2142B1C9E6000BDA019 /* Sources */ = {
			isa = PBXSourcesBuildPhase;
			buildActionMask = 2147483647;
			files = (
				4F6FD21F2B1C9E6000BDA019 /* TVChannelList_SZUITestsLaunchTests.swift in Sources */,
			);
			runOnlyForDeploymentPostprocessing = 0;
		};
/* End PBXSourcesBuildPhase section */

/* Begin PBXTargetDependency section */
		4F6FD2102B1C9E6000BDA019 /* PBXTargetDependency */ = {
			isa = PBXTargetDependency;
			target = 4F6FD1FC2B1C9E5F00BDA019 /* TVChannelList-SZ */;
			targetProxy = 4F6FD20F2B1C9E6000BDA019 /* PBXContainerItemProxy */;
		};
		4F6FD21A2B1C9E6000BDA019 /* PBXTargetDependency */ = {
			isa = PBXTargetDependency;
			target = 4F6FD1FC2B1C9E5F00BDA019 /* TVChannelList-SZ */;
			targetProxy = 4F6FD2192B1C9E6000BDA019 /* PBXContainerItemProxy */;
		};
/* End PBXTargetDependency section */

/* Begin XCBuildConfiguration section */
		4F6FD2202B1C9E6000BDA019 /* Debug */ = {
			isa = XCBuildConfiguration;
			buildSettings = {
				ALWAYS_SEARCH_USER_PATHS = NO;
				ASSETCATALOG_COMPILER_GENERATE_SWIFT_ASSET_SYMBOL_EXTENSIONS = YES;
				CLANG_ANALYZER_NONNULL = YES;
				CLANG_ANALYZER_NUMBER_OBJECT_CONVERSION = YES_AGGRESSIVE;
				CLANG_CXX_LANGUAGE_STANDARD = "gnu++20";
				CLANG_ENABLE_MODULES = YES;
				CLANG_ENABLE_OBJC_ARC = YES;
				CLANG_ENABLE_OBJC_WEAK = YES;
				CLANG_WARN_BLOCK_CAPTURE_AUTORELEASING = YES;
				CLANG_WARN_BOOL_CONVERSION = YES;
				CLANG_WARN_COMMA = YES;
				CLANG_WARN_CONSTANT_CONVERSION = YES;
				CLANG_WARN_DEPRECATED_OBJC_IMPLEMENTATIONS = YES;
				CLANG_WARN_DIRECT_OBJC_ISA_USAGE = YES_ERROR;
				CLANG_WARN_DOCUMENTATION_COMMENTS = YES;
				CLANG_WARN_EMPTY_BODY = YES;
				CLANG_WARN_ENUM_CONVERSION = YES;
				CLANG_WARN_INFINITE_RECURSION = YES;
				CLANG_WARN_INT_CONVERSION = YES;
				CLANG_WARN_NON_LITERAL_NULL_CONVERSION = YES;
				CLANG_WARN_OBJC_IMPLICIT_RETAIN_SELF = YES;
				CLANG_WARN_OBJC_LITERAL_CONVERSION = YES;
				CLANG_WARN_OBJC_ROOT_CLASS = YES_ERROR;
				CLANG_WARN_QUOTED_INCLUDE_IN_FRAMEWORK_HEADER = YES;
				CLANG_WARN_RANGE_LOOP_ANALYSIS = YES;
				CLANG_WARN_STRICT_PROTOTYPES = YES;
				CLANG_WARN_SUSPICIOUS_MOVE = YES;
				CLANG_WARN_UNGUARDED_AVAILABILITY = YES_AGGRESSIVE;
				CLANG_WARN_UNREACHABLE_CODE = YES;
				CLANG_WARN__DUPLICATE_METHOD_MATCH = YES;
				COPY_PHASE_STRIP = NO;
				DEBUG_INFORMATION_FORMAT = dwarf;
				ENABLE_STRICT_OBJC_MSGSEND = YES;
				ENABLE_TESTABILITY = YES;
				ENABLE_USER_SCRIPT_SANDBOXING = YES;
				GCC_C_LANGUAGE_STANDARD = gnu17;
				GCC_DYNAMIC_NO_PIC = NO;
				GCC_NO_COMMON_BLOCKS = YES;
				GCC_OPTIMIZATION_LEVEL = 0;
				GCC_PREPROCESSOR_DEFINITIONS = (
					"DEBUG=1",
					"$(inherited)",
				);
				GCC_WARN_64_TO_32_BIT_CONVERSION = YES;
				GCC_WARN_ABOUT_RETURN_TYPE = YES_ERROR;
				GCC_WARN_UNDECLARED_SELECTOR = YES;
				GCC_WARN_UNINITIALIZED_AUTOS = YES_AGGRESSIVE;
				GCC_WARN_UNUSED_FUNCTION = YES;
				GCC_WARN_UNUSED_VARIABLE = YES;
				LOCALIZATION_PREFERS_STRING_CATALOGS = YES;
				MTL_ENABLE_DEBUG_INFO = INCLUDE_SOURCE;
				MTL_FAST_MATH = YES;
				ONLY_ACTIVE_ARCH = YES;
				SWIFT_ACTIVE_COMPILATION_CONDITIONS = "DEBUG $(inherited)";
				SWIFT_OPTIMIZATION_LEVEL = "-Onone";
			};
			name = Debug;
		};
		4F6FD2212B1C9E6000BDA019 /* Release */ = {
			isa = XCBuildConfiguration;
			buildSettings = {
				ALWAYS_SEARCH_USER_PATHS = NO;
				ASSETCATALOG_COMPILER_GENERATE_SWIFT_ASSET_SYMBOL_EXTENSIONS = YES;
				CLANG_ANALYZER_NONNULL = YES;
				CLANG_ANALYZER_NUMBER_OBJECT_CONVERSION = YES_AGGRESSIVE;
				CLANG_CXX_LANGUAGE_STANDARD = "gnu++20";
				CLANG_ENABLE_MODULES = YES;
				CLANG_ENABLE_OBJC_ARC = YES;
				CLANG_ENABLE_OBJC_WEAK = YES;
				CLANG_WARN_BLOCK_CAPTURE_AUTORELEASING = YES;
				CLANG_WARN_BOOL_CONVERSION = YES;
				CLANG_WARN_COMMA = YES;
				CLANG_WARN_CONSTANT_CONVERSION = YES;
				CLANG_WARN_DEPRECATED_OBJC_IMPLEMENTATIONS = YES;
				CLANG_WARN_DIRECT_OBJC_ISA_USAGE = YES_ERROR;
				CLANG_WARN_DOCUMENTATION_COMMENTS = YES;
				CLANG_WARN_EMPTY_BODY = YES;
				CLANG_WARN_ENUM_CONVERSION = YES;
				CLANG_WARN_INFINITE_RECURSION = YES;
				CLANG_WARN_INT_CONVERSION = YES;
				CLANG_WARN_NON_LITERAL_NULL_CONVERSION = YES;
				CLANG_WARN_OBJC_IMPLICIT_RETAIN_SELF = YES;
				CLANG_WARN_OBJC_LITERAL_CONVERSION = YES;
				CLANG_WARN_OBJC_ROOT_CLASS = YES_ERROR;
				CLANG_WARN_QUOTED_INCLUDE_IN_FRAMEWORK_HEADER = YES;
				CLANG_WARN_RANGE_LOOP_ANALYSIS = YES;
				CLANG_WARN_STRICT_PROTOTYPES = YES;
				CLANG_WARN_SUSPICIOUS_MOVE = YES;
				CLANG_WARN_UNGUARDED_AVAILABILITY = YES_AGGRESSIVE;
				CLANG_WARN_UNREACHABLE_CODE = YES;
				CLANG_WARN__DUPLICATE_METHOD_MATCH = YES;
				COPY_PHASE_STRIP = NO;
				DEBUG_INFORMATION_FORMAT = "dwarf-with-dsym";
				ENABLE_NS_ASSERTIONS = NO;
				ENABLE_STRICT_OBJC_MSGSEND = YES;
				ENABLE_USER_SCRIPT_SANDBOXING = YES;
				GCC_C_LANGUAGE_STANDARD = gnu17;
				GCC_NO_COMMON_BLOCKS = YES;
				GCC_WARN_64_TO_32_BIT_CONVERSION = YES;
				GCC_WARN_ABOUT_RETURN_TYPE = YES_ERROR;
				GCC_WARN_UNDECLARED_SELECTOR = YES;
				GCC_WARN_UNINITIALIZED_AUTOS = YES_AGGRESSIVE;
				GCC_WARN_UNUSED_FUNCTION = YES;
				GCC_WARN_UNUSED_VARIABLE = YES;
				LOCALIZATION_PREFERS_STRING_CATALOGS = YES;
				MTL_ENABLE_DEBUG_INFO = NO;
				MTL_FAST_MATH = YES;
				SWIFT_COMPILATION_MODE = wholemodule;
			};
			name = Release;
		};
		4F6FD2232B1C9E6000BDA019 /* Debug */ = {
			isa = XCBuildConfiguration;
			buildSettings = {
				ASSETCATALOG_COMPILER_APPICON_NAME = AppIcon;
				ASSETCATALOG_COMPILER_GLOBAL_ACCENT_COLOR_NAME = AccentColor;
				CODE_SIGN_ENTITLEMENTS = "TVChannelList-SZ/TVChannelList_SZ.entitlements";
				CODE_SIGN_STYLE = Automatic;
				CURRENT_PROJECT_VERSION = 1;
				DEVELOPMENT_ASSET_PATHS = "\"TVChannelList-SZ/Preview Content\"";
				DEVELOPMENT_TEAM = PSU9VZHG7L;
				ENABLE_HARDENED_RUNTIME = YES;
				ENABLE_PREVIEWS = YES;
				GENERATE_INFOPLIST_FILE = YES;
				"INFOPLIST_KEY_UIApplicationSceneManifest_Generation[sdk=iphoneos*]" = YES;
				"INFOPLIST_KEY_UIApplicationSceneManifest_Generation[sdk=iphonesimulator*]" = YES;
				"INFOPLIST_KEY_UIApplicationSupportsIndirectInputEvents[sdk=iphoneos*]" = YES;
				"INFOPLIST_KEY_UIApplicationSupportsIndirectInputEvents[sdk=iphonesimulator*]" = YES;
				"INFOPLIST_KEY_UILaunchScreen_Generation[sdk=iphoneos*]" = YES;
				"INFOPLIST_KEY_UILaunchScreen_Generation[sdk=iphonesimulator*]" = YES;
				"INFOPLIST_KEY_UIStatusBarStyle[sdk=iphoneos*]" = UIStatusBarStyleDefault;
				"INFOPLIST_KEY_UIStatusBarStyle[sdk=iphonesimulator*]" = UIStatusBarStyleDefault;
				INFOPLIST_KEY_UISupportedInterfaceOrientations_iPad = "UIInterfaceOrientationPortrait UIInterfaceOrientationPortraitUpsideDown UIInterfaceOrientationLandscapeLeft UIInterfaceOrientationLandscapeRight";
				INFOPLIST_KEY_UISupportedInterfaceOrientations_iPhone = "UIInterfaceOrientationPortrait UIInterfaceOrientationLandscapeLeft UIInterfaceOrientationLandscapeRight";
				IPHONEOS_DEPLOYMENT_TARGET = 17.0;
				LD_RUNPATH_SEARCH_PATHS = "@executable_path/Frameworks";
				"LD_RUNPATH_SEARCH_PATHS[sdk=macosx*]" = "@executable_path/../Frameworks";
				MACOSX_DEPLOYMENT_TARGET = 14.0;
				MARKETING_VERSION = 1.0;
				PRODUCT_BUNDLE_IDENTIFIER = "io.zwicker.TVChannelList-SZ";
				PRODUCT_NAME = "$(TARGET_NAME)";
				SDKROOT = auto;
				SUPPORTED_PLATFORMS = "iphoneos iphonesimulator";
				SUPPORTS_MACCATALYST = NO;
				SWIFT_EMIT_LOC_STRINGS = YES;
				SWIFT_VERSION = 5.0;
				TARGETED_DEVICE_FAMILY = 1;
			};
			name = Debug;
		};
		4F6FD2242B1C9E6000BDA019 /* Release */ = {
			isa = XCBuildConfiguration;
			buildSettings = {
				ASSETCATALOG_COMPILER_APPICON_NAME = AppIcon;
				ASSETCATALOG_COMPILER_GLOBAL_ACCENT_COLOR_NAME = AccentColor;
				CODE_SIGN_ENTITLEMENTS = "TVChannelList-SZ/TVChannelList_SZ.entitlements";
				CODE_SIGN_STYLE = Automatic;
				CURRENT_PROJECT_VERSION = 1;
				DEVELOPMENT_ASSET_PATHS = "\"TVChannelList-SZ/Preview Content\"";
				DEVELOPMENT_TEAM = PSU9VZHG7L;
				ENABLE_HARDENED_RUNTIME = YES;
				ENABLE_PREVIEWS = YES;
				GENERATE_INFOPLIST_FILE = YES;
				"INFOPLIST_KEY_UIApplicationSceneManifest_Generation[sdk=iphoneos*]" = YES;
				"INFOPLIST_KEY_UIApplicationSceneManifest_Generation[sdk=iphonesimulator*]" = YES;
				"INFOPLIST_KEY_UIApplicationSupportsIndirectInputEvents[sdk=iphoneos*]" = YES;
				"INFOPLIST_KEY_UIApplicationSupportsIndirectInputEvents[sdk=iphonesimulator*]" = YES;
				"INFOPLIST_KEY_UILaunchScreen_Generation[sdk=iphoneos*]" = YES;
				"INFOPLIST_KEY_UILaunchScreen_Generation[sdk=iphonesimulator*]" = YES;
				"INFOPLIST_KEY_UIStatusBarStyle[sdk=iphoneos*]" = UIStatusBarStyleDefault;
				"INFOPLIST_KEY_UIStatusBarStyle[sdk=iphonesimulator*]" = UIStatusBarStyleDefault;
				INFOPLIST_KEY_UISupportedInterfaceOrientations_iPad = "UIInterfaceOrientationPortrait UIInterfaceOrientationPortraitUpsideDown UIInterfaceOrientationLandscapeLeft UIInterfaceOrientationLandscapeRight";
				INFOPLIST_KEY_UISupportedInterfaceOrientations_iPhone = "UIInterfaceOrientationPortrait UIInterfaceOrientationLandscapeLeft UIInterfaceOrientationLandscapeRight";
				IPHONEOS_DEPLOYMENT_TARGET = 17.0;
				LD_RUNPATH_SEARCH_PATHS = "@executable_path/Frameworks";
				"LD_RUNPATH_SEARCH_PATHS[sdk=macosx*]" = "@executable_path/../Frameworks";
				MACOSX_DEPLOYMENT_TARGET = 14.0;
				MARKETING_VERSION = 1.0;
				PRODUCT_BUNDLE_IDENTIFIER = "io.zwicker.TVChannelList-SZ";
				PRODUCT_NAME = "$(TARGET_NAME)";
				SDKROOT = auto;
				SUPPORTED_PLATFORMS = "iphoneos iphonesimulator";
				SUPPORTS_MACCATALYST = NO;
				SWIFT_EMIT_LOC_STRINGS = YES;
				SWIFT_VERSION = 5.0;
				TARGETED_DEVICE_FAMILY = 1;
			};
			name = Release;
		};
		4F6FD2262B1C9E6000BDA019 /* Debug */ = {
			isa = XCBuildConfiguration;
			buildSettings = {
				ALWAYS_EMBED_SWIFT_STANDARD_LIBRARIES = YES;
				BUNDLE_LOADER = "$(TEST_HOST)";
				CODE_SIGN_STYLE = Automatic;
				CURRENT_PROJECT_VERSION = 1;
				DEVELOPMENT_TEAM = PSU9VZHG7L;
				GENERATE_INFOPLIST_FILE = YES;
				IPHONEOS_DEPLOYMENT_TARGET = 17.0;
				MACOSX_DEPLOYMENT_TARGET = 14.0;
				MARKETING_VERSION = 1.0;
				PRODUCT_BUNDLE_IDENTIFIER = "io.zwicker.TVChannelList-SZTests";
				PRODUCT_NAME = "$(TARGET_NAME)";
				SDKROOT = auto;
				SUPPORTED_PLATFORMS = "iphoneos iphonesimulator macosx";
				SWIFT_EMIT_LOC_STRINGS = NO;
				SWIFT_VERSION = 5.0;
				TARGETED_DEVICE_FAMILY = "1,2";
				TEST_HOST = "$(BUILT_PRODUCTS_DIR)/TVChannelList-SZ.app/$(BUNDLE_EXECUTABLE_FOLDER_PATH)/TVChannelList-SZ";
			};
			name = Debug;
		};
		4F6FD2272B1C9E6000BDA019 /* Release */ = {
			isa = XCBuildConfiguration;
			buildSettings = {
				ALWAYS_EMBED_SWIFT_STANDARD_LIBRARIES = YES;
				BUNDLE_LOADER = "$(TEST_HOST)";
				CODE_SIGN_STYLE = Automatic;
				CURRENT_PROJECT_VERSION = 1;
				DEVELOPMENT_TEAM = PSU9VZHG7L;
				GENERATE_INFOPLIST_FILE = YES;
				IPHONEOS_DEPLOYMENT_TARGET = 17.0;
				MACOSX_DEPLOYMENT_TARGET = 14.0;
				MARKETING_VERSION = 1.0;
				PRODUCT_BUNDLE_IDENTIFIER = "io.zwicker.TVChannelList-SZTests";
				PRODUCT_NAME = "$(TARGET_NAME)";
				SDKROOT = auto;
				SUPPORTED_PLATFORMS = "iphoneos iphonesimulator macosx";
				SWIFT_EMIT_LOC_STRINGS = NO;
				SWIFT_VERSION = 5.0;
				TARGETED_DEVICE_FAMILY = "1,2";
				TEST_HOST = "$(BUILT_PRODUCTS_DIR)/TVChannelList-SZ.app/$(BUNDLE_EXECUTABLE_FOLDER_PATH)/TVChannelList-SZ";
			};
			name = Release;
		};
		4F6FD2292B1C9E6000BDA019 /* Debug */ = {
			isa = XCBuildConfiguration;
			buildSettings = {
				ALWAYS_EMBED_SWIFT_STANDARD_LIBRARIES = YES;
				CODE_SIGN_STYLE = Automatic;
				CURRENT_PROJECT_VERSION = 1;
				DEVELOPMENT_TEAM = PSU9VZHG7L;
				GENERATE_INFOPLIST_FILE = YES;
				IPHONEOS_DEPLOYMENT_TARGET = 17.0;
				MACOSX_DEPLOYMENT_TARGET = 14.0;
				MARKETING_VERSION = 1.0;
				PRODUCT_BUNDLE_IDENTIFIER = "io.zwicker.TVChannelList-SZUITests";
				PRODUCT_NAME = "$(TARGET_NAME)";
				SDKROOT = auto;
				SUPPORTED_PLATFORMS = "iphoneos iphonesimulator macosx";
				SWIFT_EMIT_LOC_STRINGS = NO;
				SWIFT_VERSION = 5.0;
				TARGETED_DEVICE_FAMILY = "1,2";
				TEST_TARGET_NAME = "TVChannelList-SZ";
			};
			name = Debug;
		};
		4F6FD22A2B1C9E6000BDA019 /* Release */ = {
			isa = XCBuildConfiguration;
			buildSettings = {
				ALWAYS_EMBED_SWIFT_STANDARD_LIBRARIES = YES;
				CODE_SIGN_STYLE = Automatic;
				CURRENT_PROJECT_VERSION = 1;
				DEVELOPMENT_TEAM = PSU9VZHG7L;
				GENERATE_INFOPLIST_FILE = YES;
				IPHONEOS_DEPLOYMENT_TARGET = 17.0;
				MACOSX_DEPLOYMENT_TARGET = 14.0;
				MARKETING_VERSION = 1.0;
				PRODUCT_BUNDLE_IDENTIFIER = "io.zwicker.TVChannelList-SZUITests";
				PRODUCT_NAME = "$(TARGET_NAME)";
				SDKROOT = auto;
				SUPPORTED_PLATFORMS = "iphoneos iphonesimulator macosx";
				SWIFT_EMIT_LOC_STRINGS = NO;
				SWIFT_VERSION = 5.0;
				TARGETED_DEVICE_FAMILY = "1,2";
				TEST_TARGET_NAME = "TVChannelList-SZ";
			};
			name = Release;
		};
/* End XCBuildConfiguration section */

/* Begin XCConfigurationList section */
		4F6FD1F82B1C9E5F00BDA019 /* Build configuration list for PBXProject "TVChannelList-SZ" */ = {
			isa = XCConfigurationList;
			buildConfigurations = (
				4F6FD2202B1C9E6000BDA019 /* Debug */,
				4F6FD2212B1C9E6000BDA019 /* Release */,
			);
			defaultConfigurationIsVisible = 0;
			defaultConfigurationName = Release;
		};
		4F6FD2222B1C9E6000BDA019 /* Build configuration list for PBXNativeTarget "TVChannelList-SZ" */ = {
			isa = XCConfigurationList;
			buildConfigurations = (
				4F6FD2232B1C9E6000BDA019 /* Debug */,
				4F6FD2242B1C9E6000BDA019 /* Release */,
			);
			defaultConfigurationIsVisible = 0;
			defaultConfigurationName = Release;
		};
		4F6FD2252B1C9E6000BDA019 /* Build configuration list for PBXNativeTarget "TVChannelList-SZTests" */ = {
			isa = XCConfigurationList;
			buildConfigurations = (
				4F6FD2262B1C9E6000BDA019 /* Debug */,
				4F6FD2272B1C9E6000BDA019 /* Release */,
			);
			defaultConfigurationIsVisible = 0;
			defaultConfigurationName = Release;
		};
		4F6FD2282B1C9E6000BDA019 /* Build configuration list for PBXNativeTarget "TVChannelList-SZUITests" */ = {
			isa = XCConfigurationList;
			buildConfigurations = (
				4F6FD2292B1C9E6000BDA019 /* Debug */,
				4F6FD22A2B1C9E6000BDA019 /* Release */,
			);
			defaultConfigurationIsVisible = 0;
			defaultConfigurationName = Release;
		};
/* End XCConfigurationList section */

/* Begin XCRemoteSwiftPackageReference section */
		4F56C7E12B1F74E7007ADDA6 /* XCRemoteSwiftPackageReference "realm-swift" */ = {
			isa = XCRemoteSwiftPackageReference;
			repositoryURL = "https://github.com/realm/realm-swift.git";
			requirement = {
				branch = master;
				kind = branch;
			};
		};
/* End XCRemoteSwiftPackageReference section */

/* Begin XCSwiftPackageProductDependency section */
		4F56C7E22B1F74E7007ADDA6 /* Realm */ = {
			isa = XCSwiftPackageProductDependency;
			package = 4F56C7E12B1F74E7007ADDA6 /* XCRemoteSwiftPackageReference "realm-swift" */;
			productName = Realm;
		};
		4F56C7E42B1F74E7007ADDA6 /* RealmSwift */ = {
			isa = XCSwiftPackageProductDependency;
			package = 4F56C7E12B1F74E7007ADDA6 /* XCRemoteSwiftPackageReference "realm-swift" */;
			productName = RealmSwift;
		};
/* End XCSwiftPackageProductDependency section */
	};
	rootObject = 4F6FD1F52B1C9E5F00BDA019 /* Project object */;
}
